
Microsoft Visual Studio Solution File, Format Version 12.00
# Visual Studio Version 17
VisualStudioVersion = 17.9.34616.47
MinimumVisualStudioVersion = 10.0.40219.1
Project("{FAE04EC0-301F-11D3-BF4B-00C04F79EFBC}") = "Eager", "Eager.csproj", "{46065AD9-B1BB-48DB-9993-2ED6E85C8F5C}"
EndProject
Global
	GlobalSection(SolutionConfigurationPlatforms) = preSolution
		Debug|Any CPU = Debug|Any CPU
		Release|Any CPU = Release|Any CPU
	EndGlobalSection
	GlobalSection(ProjectConfigurationPlatforms) = postSolution
		{46065AD9-B1BB-48DB-9993-2ED6E85C8F5C}.Debug|Any CPU.ActiveCfg = Debug|Any CPU
		{46065AD9-B1BB-48DB-9993-2ED6E85C8F5C}.Debug|Any CPU.Build.0 = Debug|Any CPU
		{46065AD9-B1BB-48DB-9993-2ED6E85C8F5C}.Release|Any CPU.ActiveCfg = Release|Any CPU
		{46065AD9-B1BB-48DB-9993-2ED6E85C8F5C}.Release|Any CPU.Build.0 = Release|Any CPU
	EndGlobalSection
	GlobalSection(SolutionProperties) = preSolution
		HideSolutionNode = FALSE
	EndGlobalSection
	GlobalSection(ExtensibilityGlobals) = postSolution
		SolutionGuid = {7B8AF444-B9BB-46ED-B525-658111CB3CD7}
	EndGlobalSection
EndGlobal
